
Microsoft Visual Studio Solution File, Format Version 12.00
Project("{2150E333-8FDC-42A3-9474-1A3956D46DE8}") = "Presentation", "Presentation", "{FEDEE594-5CBC-40F3-96AE-CC016C8531E3}"
EndProject
Project("{2150E333-8FDC-42A3-9474-1A3956D46DE8}") = "Infrastructure", "Infrastructure", "{EDF79308-38C2-41B9-A14B-1DFF831BA550}"
EndProject
Project("{2150E333-8FDC-42A3-9474-1A3956D46DE8}") = "Core", "Core", "{3826C438-FEB7-4834-AFF1-25E3A7A9214B}"
EndProject
Project("{FAE04EC0-301F-11D3-BF4B-00C04F79EFBC}") = "Leaderboard.Application", "Leaderboard.Application\Leaderboard.Application.csproj", "{12B4D274-7649-4C87-B676-684B449C0039}"
EndProject
Project("{FAE04EC0-301F-11D3-BF4B-00C04F79EFBC}") = "Leaderboard.Domain", "Leaderboard.Domain\Leaderboard.Domain.csproj", "{73D34A95-A5FE-4C47-8ACA-58E9B6382AFA}"
EndProject
Project("{FAE04EC0-301F-11D3-BF4B-00C04F79EFBC}") = "Leaderboard.DAL", "Leaderboard.DAL\Leaderboard.DAL.csproj", "{88CDF3A8-024D-40AF-8BF1-780DDD3BFDD5}"
EndProject
Project("{FAE04EC0-301F-11D3-BF4B-00C04F79EFBC}") = "Leaderboard.Api", "Leaderboard.Api\Leaderboard.Api.csproj", "{6D2669FE-ED34-4846-903C-8D907991F2C9}"
EndProject
Project("{FAE04EC0-301F-11D3-BF4B-00C04F79EFBC}") = "Leaderboard.Cache", "Leaderboard.Cache\Leaderboard.Cache.csproj", "{09B26454-A39B-485F-98B7-D160472C0753}"
EndProject
Project("{FAE04EC0-301F-11D3-BF4B-00C04F79EFBC}") = "Leaderboard.BackgroundJobs", "Leaderboard.BackgroundJobs\Leaderboard.BackgroundJobs.csproj", "{2C2B6573-6DC5-4A60-9233-C1D60ED336AB}"
EndProject
Project("{2150E333-8FDC-42A3-9474-1A3956D46DE8}") = "Test", "Test", "{0C88DD14-F956-CE84-757C-A364CCF449FC}"
EndProject
Project("{FAE04EC0-301F-11D3-BF4B-00C04F79EFBC}") = "Leaderboard.Tests", "Leaderboard.Tests\Leaderboard.Tests.csproj", "{5D97106C-7BB4-4F20-BAC9-B9333779CA48}"
EndProject
Project("{2150E333-8FDC-42A3-9474-1A3956D46DE8}") = "Solution Items", "Solution Items", "{D357A370-5D88-4973-A6ED-0BA582DCEE08}"
	ProjectSection(SolutionItems) = preProject
		docker-compose.yml = docker-compose.yml
	EndProjectSection
EndProject
Global
	GlobalSection(SolutionConfigurationPlatforms) = preSolution
		Debug|Any CPU = Debug|Any CPU
		Debug|x64 = Debug|x64
		Debug|x86 = Debug|x86
		Release|Any CPU = Release|Any CPU
		Release|x64 = Release|x64
		Release|x86 = Release|x86
	EndGlobalSection
	GlobalSection(ProjectConfigurationPlatforms) = postSolution
		{12B4D274-7649-4C87-B676-684B449C0039}.Debug|Any CPU.ActiveCfg = Debug|Any CPU
		{12B4D274-7649-4C87-B676-684B449C0039}.Debug|Any CPU.Build.0 = Debug|Any CPU
		{12B4D274-7649-4C87-B676-684B449C0039}.Debug|x64.ActiveCfg = Debug|Any CPU
		{12B4D274-7649-4C87-B676-684B449C0039}.Debug|x64.Build.0 = Debug|Any CPU
		{12B4D274-7649-4C87-B676-684B449C0039}.Debug|x86.ActiveCfg = Debug|Any CPU
		{12B4D274-7649-4C87-B676-684B449C0039}.Debug|x86.Build.0 = Debug|Any CPU
		{12B4D274-7649-4C87-B676-684B449C0039}.Release|Any CPU.ActiveCfg = Release|Any CPU
		{12B4D274-7649-4C87-B676-684B449C0039}.Release|Any CPU.Build.0 = Release|Any CPU
		{12B4D274-7649-4C87-B676-684B449C0039}.Release|x64.ActiveCfg = Release|Any CPU
		{12B4D274-7649-4C87-B676-684B449C0039}.Release|x64.Build.0 = Release|Any CPU
		{12B4D274-7649-4C87-B676-684B449C0039}.Release|x86.ActiveCfg = Release|Any CPU
		{12B4D274-7649-4C87-B676-684B449C0039}.Release|x86.Build.0 = Release|Any CPU
		{73D34A95-A5FE-4C47-8ACA-58E9B6382AFA}.Debug|Any CPU.ActiveCfg = Debug|Any CPU
		{73D34A95-A5FE-4C47-8ACA-58E9B6382AFA}.Debug|Any CPU.Build.0 = Debug|Any CPU
		{73D34A95-A5FE-4C47-8ACA-58E9B6382AFA}.Debug|x64.ActiveCfg = Debug|Any CPU
		{73D34A95-A5FE-4C47-8ACA-58E9B6382AFA}.Debug|x64.Build.0 = Debug|Any CPU
		{73D34A95-A5FE-4C47-8ACA-58E9B6382AFA}.Debug|x86.ActiveCfg = Debug|Any CPU
		{73D34A95-A5FE-4C47-8ACA-58E9B6382AFA}.Debug|x86.Build.0 = Debug|Any CPU
		{73D34A95-A5FE-4C47-8ACA-58E9B6382AFA}.Release|Any CPU.ActiveCfg = Release|Any CPU
		{73D34A95-A5FE-4C47-8ACA-58E9B6382AFA}.Release|Any CPU.Build.0 = Release|Any CPU
		{73D34A95-A5FE-4C47-8ACA-58E9B6382AFA}.Release|x64.ActiveCfg = Release|Any CPU
		{73D34A95-A5FE-4C47-8ACA-58E9B6382AFA}.Release|x64.Build.0 = Release|Any CPU
		{73D34A95-A5FE-4C47-8ACA-58E9B6382AFA}.Release|x86.ActiveCfg = Release|Any CPU
		{73D34A95-A5FE-4C47-8ACA-58E9B6382AFA}.Release|x86.Build.0 = Release|Any CPU
		{88CDF3A8-024D-40AF-8BF1-780DDD3BFDD5}.Debug|Any CPU.ActiveCfg = Debug|Any CPU
		{88CDF3A8-024D-40AF-8BF1-780DDD3BFDD5}.Debug|Any CPU.Build.0 = Debug|Any CPU
		{88CDF3A8-024D-40AF-8BF1-780DDD3BFDD5}.Debug|x64.ActiveCfg = Debug|Any CPU
		{88CDF3A8-024D-40AF-8BF1-780DDD3BFDD5}.Debug|x64.Build.0 = Debug|Any CPU
		{88CDF3A8-024D-40AF-8BF1-780DDD3BFDD5}.Debug|x86.ActiveCfg = Debug|Any CPU
		{88CDF3A8-024D-40AF-8BF1-780DDD3BFDD5}.Debug|x86.Build.0 = Debug|Any CPU
		{88CDF3A8-024D-40AF-8BF1-780DDD3BFDD5}.Release|Any CPU.ActiveCfg = Release|Any CPU
		{88CDF3A8-024D-40AF-8BF1-780DDD3BFDD5}.Release|Any CPU.Build.0 = Release|Any CPU
		{88CDF3A8-024D-40AF-8BF1-780DDD3BFDD5}.Release|x64.ActiveCfg = Release|Any CPU
		{88CDF3A8-024D-40AF-8BF1-780DDD3BFDD5}.Release|x64.Build.0 = Release|Any CPU
		{88CDF3A8-024D-40AF-8BF1-780DDD3BFDD5}.Release|x86.ActiveCfg = Release|Any CPU
		{88CDF3A8-024D-40AF-8BF1-780DDD3BFDD5}.Release|x86.Build.0 = Release|Any CPU
		{6D2669FE-ED34-4846-903C-8D907991F2C9}.Debug|Any CPU.ActiveCfg = Debug|Any CPU
		{6D2669FE-ED34-4846-903C-8D907991F2C9}.Debug|Any CPU.Build.0 = Debug|Any CPU
		{6D2669FE-ED34-4846-903C-8D907991F2C9}.Debug|x64.ActiveCfg = Debug|Any CPU
		{6D2669FE-ED34-4846-903C-8D907991F2C9}.Debug|x64.Build.0 = Debug|Any CPU
		{6D2669FE-ED34-4846-903C-8D907991F2C9}.Debug|x86.ActiveCfg = Debug|Any CPU
		{6D2669FE-ED34-4846-903C-8D907991F2C9}.Debug|x86.Build.0 = Debug|Any CPU
		{6D2669FE-ED34-4846-903C-8D907991F2C9}.Release|Any CPU.ActiveCfg = Release|Any CPU
		{6D2669FE-ED34-4846-903C-8D907991F2C9}.Release|Any CPU.Build.0 = Release|Any CPU
		{6D2669FE-ED34-4846-903C-8D907991F2C9}.Release|x64.ActiveCfg = Release|Any CPU
		{6D2669FE-ED34-4846-903C-8D907991F2C9}.Release|x64.Build.0 = Release|Any CPU
		{6D2669FE-ED34-4846-903C-8D907991F2C9}.Release|x86.ActiveCfg = Release|Any CPU
		{6D2669FE-ED34-4846-903C-8D907991F2C9}.Release|x86.Build.0 = Release|Any CPU
		{09B26454-A39B-485F-98B7-D160472C0753}.Debug|Any CPU.ActiveCfg = Debug|Any CPU
		{09B26454-A39B-485F-98B7-D160472C0753}.Debug|Any CPU.Build.0 = Debug|Any CPU
		{09B26454-A39B-485F-98B7-D160472C0753}.Debug|x64.ActiveCfg = Debug|Any CPU
		{09B26454-A39B-485F-98B7-D160472C0753}.Debug|x64.Build.0 = Debug|Any CPU
		{09B26454-A39B-485F-98B7-D160472C0753}.Debug|x86.ActiveCfg = Debug|Any CPU
		{09B26454-A39B-485F-98B7-D160472C0753}.Debug|x86.Build.0 = Debug|Any CPU
		{09B26454-A39B-485F-98B7-D160472C0753}.Release|Any CPU.ActiveCfg = Release|Any CPU
		{09B26454-A39B-485F-98B7-D160472C0753}.Release|Any CPU.Build.0 = Release|Any CPU
		{09B26454-A39B-485F-98B7-D160472C0753}.Release|x64.ActiveCfg = Release|Any CPU
		{09B26454-A39B-485F-98B7-D160472C0753}.Release|x64.Build.0 = Release|Any CPU
		{09B26454-A39B-485F-98B7-D160472C0753}.Release|x86.ActiveCfg = Release|Any CPU
		{09B26454-A39B-485F-98B7-D160472C0753}.Release|x86.Build.0 = Release|Any CPU
		{2C2B6573-6DC5-4A60-9233-C1D60ED336AB}.Debug|Any CPU.ActiveCfg = Debug|Any CPU
		{2C2B6573-6DC5-4A60-9233-C1D60ED336AB}.Debug|Any CPU.Build.0 = Debug|Any CPU
		{2C2B6573-6DC5-4A60-9233-C1D60ED336AB}.Debug|x64.ActiveCfg = Debug|Any CPU
		{2C2B6573-6DC5-4A60-9233-C1D60ED336AB}.Debug|x64.Build.0 = Debug|Any CPU
		{2C2B6573-6DC5-4A60-9233-C1D60ED336AB}.Debug|x86.ActiveCfg = Debug|Any CPU
		{2C2B6573-6DC5-4A60-9233-C1D60ED336AB}.Debug|x86.Build.0 = Debug|Any CPU
		{2C2B6573-6DC5-4A60-9233-C1D60ED336AB}.Release|Any CPU.ActiveCfg = Release|Any CPU
		{2C2B6573-6DC5-4A60-9233-C1D60ED336AB}.Release|Any CPU.Build.0 = Release|Any CPU
		{2C2B6573-6DC5-4A60-9233-C1D60ED336AB}.Release|x64.ActiveCfg = Release|Any CPU
		{2C2B6573-6DC5-4A60-9233-C1D60ED336AB}.Release|x64.Build.0 = Release|Any CPU
		{2C2B6573-6DC5-4A60-9233-C1D60ED336AB}.Release|x86.ActiveCfg = Release|Any CPU
		{2C2B6573-6DC5-4A60-9233-C1D60ED336AB}.Release|x86.Build.0 = Release|Any CPU
		{5D97106C-7BB4-4F20-BAC9-B9333779CA48}.Debug|Any CPU.ActiveCfg = Debug|Any CPU
		{5D97106C-7BB4-4F20-BAC9-B9333779CA48}.Debug|Any CPU.Build.0 = Debug|Any CPU
		{5D97106C-7BB4-4F20-BAC9-B9333779CA48}.Debug|x64.ActiveCfg = Debug|Any CPU
		{5D97106C-7BB4-4F20-BAC9-B9333779CA48}.Debug|x64.Build.0 = Debug|Any CPU
		{5D97106C-7BB4-4F20-BAC9-B9333779CA48}.Debug|x86.ActiveCfg = Debug|Any CPU
		{5D97106C-7BB4-4F20-BAC9-B9333779CA48}.Debug|x86.Build.0 = Debug|Any CPU
		{5D97106C-7BB4-4F20-BAC9-B9333779CA48}.Release|Any CPU.ActiveCfg = Release|Any CPU
		{5D97106C-7BB4-4F20-BAC9-B9333779CA48}.Release|Any CPU.Build.0 = Release|Any CPU
		{5D97106C-7BB4-4F20-BAC9-B9333779CA48}.Release|x64.ActiveCfg = Release|Any CPU
		{5D97106C-7BB4-4F20-BAC9-B9333779CA48}.Release|x64.Build.0 = Release|Any CPU
		{5D97106C-7BB4-4F20-BAC9-B9333779CA48}.Release|x86.ActiveCfg = Release|Any CPU
		{5D97106C-7BB4-4F20-BAC9-B9333779CA48}.Release|x86.Build.0 = Release|Any CPU
	EndGlobalSection
	GlobalSection(SolutionProperties) = preSolution
		HideSolutionNode = FALSE
	EndGlobalSection
	GlobalSection(NestedProjects) = preSolution
		{12B4D274-7649-4C87-B676-684B449C0039} = {3826C438-FEB7-4834-AFF1-25E3A7A9214B}
		{73D34A95-A5FE-4C47-8ACA-58E9B6382AFA} = {3826C438-FEB7-4834-AFF1-25E3A7A9214B}
		{88CDF3A8-024D-40AF-8BF1-780DDD3BFDD5} = {EDF79308-38C2-41B9-A14B-1DFF831BA550}
		{6D2669FE-ED34-4846-903C-8D907991F2C9} = {FEDEE594-5CBC-40F3-96AE-CC016C8531E3}
		{09B26454-A39B-485F-98B7-D160472C0753} = {EDF79308-38C2-41B9-A14B-1DFF831BA550}
		{2C2B6573-6DC5-4A60-9233-C1D60ED336AB} = {EDF79308-38C2-41B9-A14B-1DFF831BA550}
		{5D97106C-7BB4-4F20-BAC9-B9333779CA48} = {0C88DD14-F956-CE84-757C-A364CCF449FC}
	EndGlobalSection
EndGlobal
